// !$*UTF8*$!
{
	archiveVersion = 1;
	classes = {
	};
	objectVersion = 46;
	objects = {

/* Begin PBXBuildFile section */
		BD93FDE11AA839F600B46B69 /* main.m in Sources */ = {isa = PBXBuildFile; fileRef = BD93FDE01AA839F600B46B69 /* main.m */; };
		BD93FDE91AA83A3F00B46B69 /* SMS4.m in Sources */ = {isa = PBXBuildFile; fileRef = BD93FDE81AA83A3F00B46B69 /* SMS4.m */; };
/* End PBXBuildFile section */

/* Begin PBXCopyFilesBuildPhase section */
		BD93FDDB1AA839F600B46B69 /* CopyFiles */ = {
			isa = PBXCopyFilesBuildPhase;
			buildActionMask = 2147483647;
			dstPath = /usr/share/man/man1/;
			dstSubfolderSpec = 0;
			files = (
			);
			runOnlyForDeploymentPostprocessing = 1;
		};
/* End PBXCopyFilesBuildPhase section */

/* Begin PBXFileReference section */
		BD93FDDD1AA839F600B46B69 /* SMS4r */ = {isa = PBXFileReference; explicitFileType = "compiled.mach-o.executable"; includeInIndex = 0; path = SMS4r; sourceTree = BUILT_PRODUCTS_DIR; };
		BD93FDE01AA839F600B46B69 /* main.m */ = {isa = PBXFileReference; lastKnownFileType = sourcecode.c.objc; path = main.m; sourceTree = "<group>"; };
		BD93FDE71AA83A3F00B46B69 /* SMS4.h */ = {isa = PBXFileReference; fileEncoding = 4; lastKnownFileType = sourcecode.c.h; path = SMS4.h; sourceTree = "<group>"; };
		BD93FDE81AA83A3F00B46B69 /* SMS4.m */ = {isa = PBXFileReference; fileEncoding = 4; lastKnownFileType = sourcecode.c.objc; path = SMS4.m; sourceTree = "<group>"; };
/* End PBXFileReference section */

/* Begin PBXFrameworksBuildPhase section */
		BD93FDDA1AA839F600B46B69 /* Frameworks */ = {
			isa = PBXFrameworksBuildPhase;
			buildActionMask = 2147483647;
			files = (
			);
			runOnlyForDeploymentPostprocessing = 0;
		};
/* End PBXFrameworksBuildPhase section */

/* Begin PBXGroup section */
		BD93FDD41AA839F600B46B69 = {
			isa = PBXGroup;
			children = (
				BD93FDDF1AA839F600B46B69 /* SMS4r */,
				BD93FDDE1AA839F600B46B69 /* Products */,
			);
			sourceTree = "<group>";
		};
		BD93FDDE1AA839F600B46B69 /* Products */ = {
			isa = PBXGroup;
			children = (
				BD93FDDD1AA839F600B46B69 /* SMS4r */,
			);
			name = Products;
			sourceTree = "<group>";
		};
		BD93FDDF1AA839F600B46B69 /* SMS4r */ = {
			isa = PBXGroup;
			children = (
				BD93FDE71AA83A3F00B46B69 /* SMS4.h */,
				BD93FDE81AA83A3F00B46B69 /* SMS4.m */,
				BD93FDE01AA839F600B46B69 /* main.m */,
			);
			path = SMS4r;
			sourceTree = "<group>";
		};
/* End PBXGroup section */

/* Begin PBXNativeTarget section */
		BD93FDDC1AA839F600B46B69 /* SMS4r */ = {
			isa = PBXNativeTarget;
			buildConfigurationList = BD93FDE41AA839F600B46B69 /* Build configuration list for PBXNativeTarget "SMS4r" */;
			buildPhases = (
				BD93FDD91AA839F600B46B69 /* Sources */,
				BD93FDDA1AA839F600B46B69 /* Frameworks */,
				BD93FDDB1AA839F600B46B69 /* CopyFiles */,
			);
			buildRules = (
			);
			dependencies = (
			);
			name = SMS4r;
			productName = SMS4r;
			productReference = BD93FDDD1AA839F600B46B69 /* SMS4r */;
			productType = "com.apple.product-type.tool";
		};
/* End PBXNativeTarget section */

/* Begin PBXProject section */
		BD93FDD51AA839F600B46B69 /* Project object */ = {
			isa = PBXProject;
			attributes = {
				LastUpgradeCheck = 0610;
				ORGANIZATIONNAME = 3lang;
				TargetAttributes = {
					BD93FDDC1AA839F600B46B69 = {
						CreatedOnToolsVersion = 6.1.1;
					};
				};
			};
			buildConfigurationList = BD93FDD81AA839F600B46B69 /* Build configuration list for PBXProject "SMS4r" */;
			compatibilityVersion = "Xcode 3.2";
			developmentRegion = English;
			hasScannedForEncodings = 0;
			knownRegions = (
				en,
			);
			mainGroup = BD93FDD41AA839F600B46B69;
			productRefGroup = BD93FDDE1AA839F600B46B69 /* Products */;
			projectDirPath = "";
			projectRoot = "";
			targets = (
				BD93FDDC1AA839F600B46B69 /* SMS4r */,
			);
		};
/* End PBXProject section */

/* Begin PBXSourcesBuildPhase section */
		BD93FDD91AA839F600B46B69 /* Sources */ = {
			isa = PBXSourcesBuildPhase;
			buildActionMask = 2147483647;
			files = (
				BD93FDE91AA83A3F00B46B69 /* SMS4.m in Sources */,
				BD93FDE11AA839F600B46B69 /* main.m in Sources */,
			);
			runOnlyForDeploymentPostprocessing = 0;
		};
/* End PBXSourcesBuildPhase section */

/* Begin XCBuildConfiguration section */
		BD93FDE21AA839F600B46B69 /* Debug */ = {
			isa = XCBuildConfiguration;
			buildSettings = {
				ALWAYS_SEARCH_USER_PATHS = NO;
				CLANG_CXX_LANGUAGE_STANDARD = "gnu++0x";
				CLANG_CXX_LIBRARY = "libc++";
				CLANG_ENABLE_MODULES = YES;
				CLANG_ENABLE_OBJC_ARC = YES;
				CLANG_WARN_BOOL_CONVERSION = YES;
				CLANG_WARN_CONSTANT_CONVERSION = YES;
				CLANG_WARN_DIRECT_OBJC_ISA_USAGE = YES_ERROR;
				CLANG_WARN_EMPTY_BODY = YES;
				CLANG_WARN_ENUM_CONVERSION = YES;
				CLANG_WARN_INT_CONVERSION = YES;
				CLANG_WARN_OBJC_ROOT_CLASS = YES_ERROR;
				CLANG_WARN_UNREACHABLE_CODE = YES;
				CLANG_WARN__DUPLICATE_METHOD_MATCH = YES;
				COPY_PHASE_STRIP = NO;
				ENABLE_STRICT_OBJC_MSGSEND = YES;
				GCC_C_LANGUAGE_STANDARD = gnu99;
				GCC_DYNAMIC_NO_PIC = NO;
				GCC_OPTIMIZATION_LEVEL = 0;
				GCC_PREPROCESSOR_DEFINITIONS = (
					"DEBUG=1",
					"$(inherited)",
				);
				GCC_SYMBOLS_PRIVATE_EXTERN = NO;
				GCC_WARN_64_TO_32_BIT_CONVERSION = YES;
				GCC_WARN_ABOUT_RETURN_TYPE = YES_ERROR;
				GCC_WARN_UNDECLARED_SELECTOR = YES;
				GCC_WARN_UNINITIALIZED_AUTOS = YES_AGGRESSIVE;
				GCC_WARN_UNUSED_FUNCTION = YES;
				GCC_WARN_UNUSED_VARIABLE = YES;
				MACOSX_DEPLOYMENT_TARGET = 10.10;
				MTL_ENABLE_DEBUG_INFO = YES;
				ONLY_ACTIVE_ARCH = YES;
				SDKROOT = macosx;
			};
			name = Debug;
		};
		BD93FDE31AA839F600B46B69 /* Release */ = {
			isa = XCBuildConfiguration;
			buildSettings = {
				ALWAYS_SEARCH_USER_PATHS = NO;
				CLANG_CXX_LANGUAGE_STANDARD = "gnu++0x";
				CLANG_CXX_LIBRARY = "libc++";
				CLANG_ENABLE_MODULES = YES;
				CLANG_ENABLE_OBJC_ARC = YES;
				CLANG_WARN_BOOL_CONVERSION = YES;
				CLANG_WARN_CONSTANT_CONVERSION = YES;
				CLANG_WARN_DIRECT_OBJC_ISA_USAGE = YES_ERROR;
				CLANG_WARN_EMPTY_BODY = YES;
				CLANG_WARN_ENUM_CONVERSION = YES;
				CLANG_WARN_INT_CONVERSION = YES;
				CLANG_WARN_OBJC_ROOT_CLASS = YES_ERROR;
				CLANG_WARN_UNREACHABLE_CODE = YES;
				CLANG_WARN__DUPLICATE_METHOD_MATCH = YES;
				COPY_PHASE_STRIP = YES;
				DEBUG_INFORMATION_FORMAT = "dwarf-with-dsym";
				ENABLE_NS_ASSERTIONS = NO;
				ENABLE_STRICT_OBJC_MSGSEND = YES;
				GCC_C_LANGUAGE_STANDARD = gnu99;
				GCC_WARN_64_TO_32_BIT_CONVERSION = YES;
				GCC_WARN_ABOUT_RETURN_TYPE = YES_ERROR;
				GCC_WARN_UNDECLARED_SELECTOR = YES;
				GCC_WARN_UNINITIALIZED_AUTOS = YES_AGGRESSIVE;
				GCC_WARN_UNUSED_FUNCTION = YES;
				GCC_WARN_UNUSED_VARIABLE = YES;
				MACOSX_DEPLOYMENT_TARGET = 10.10;
				MTL_ENABLE_DEBUG_INFO = NO;
				SDKROOT = macosx;
			};
			name = Release;
		};
		BD93FDE51AA839F600B46B69 /* Debug */ = {
			isa = XCBuildConfiguration;
			buildSettings = {
				PRODUCT_NAME = "$(TARGET_NAME)";
			};
			name = Debug;
		};
		BD93FDE61AA839F600B46B69 /* Release */ = {
			isa = XCBuildConfiguration;
			buildSettings = {
				PRODUCT_NAME = "$(TARGET_NAME)";
			};
			name = Release;
		};
/* End XCBuildConfiguration section */

/* Begin XCConfigurationList section */
		BD93FDD81AA839F600B46B69 /* Build configuration list for PBXProject "SMS4r" */ = {
			isa = XCConfigurationList;
			buildConfigurations = (
				BD93FDE21AA839F600B46B69 /* Debug */,
				BD93FDE31AA839F600B46B69 /* Release */,
			);
			defaultConfigurationIsVisible = 0;
			defaultConfigurationName = Release;
		};
		BD93FDE41AA839F600B46B69 /* Build configuration list for PBXNativeTarget "SMS4r" */ = {
			isa = XCConfigurationList;
			buildConfigurations = (
				BD93FDE51AA839F600B46B69 /* Debug */,
				BD93FDE61AA839F600B46B69 /* Release */,
			);
			defaultConfigurationIsVisible = 0;
			defaultConfigurationName = Release;
		};
/* End XCConfigurationList section */
	};
	rootObject = BD93FDD51AA839F600B46B69 /* Project object */;
}
